<Solution>
  <Project Path="Hivify.AI/Hivify.AI.csproj" />
  <Project Path="Hivify.Core/Hivify.Core.csproj" />
  <Project Path="Hivify.Infrastructures/Hivify.Infrastructures.csproj" Id="3e779152-bd0f-47e7-8acb-d3b0496a051c" />
  <Project Path="Hivify.UseCases/Hivify.UseCases.csproj" />
  <Project Path="Hivify/Hivify.csproj" />
  <Project Path="AppHost1/AppHost.csproj" />
  <Project Path="ServiceDefaults1/ServiceDefaults.csproj" />
</Solution>
